// !$*UTF8*$!
{
	archiveVersion = 1;
	classes = {
	};
	objectVersion = 50;
	objects = {

/* Begin PBXBuildFile section */
		D329A6F426BC4B30004FBAF3 /* DetailViewController.swift in Sources */ = {isa = PBXBuildFile; fileRef = D329A6F326BC4B30004FBAF3 /* DetailViewController.swift */; };
		D398EBBA26B07292002A9EBE /* AppDelegate.swift in Sources */ = {isa = PBXBuildFile; fileRef = D398EBB926B07292002A9EBE /* AppDelegate.swift */; };
		D398EBBC26B07292002A9EBE /* SceneDelegate.swift in Sources */ = {isa = PBXBuildFile; fileRef = D398EBBB26B07292002A9EBE /* SceneDelegate.swift */; };
		D398EBBE26B07292002A9EBE /* ViewController.swift in Sources */ = {isa = PBXBuildFile; fileRef = D398EBBD26B07292002A9EBE /* ViewController.swift */; };
		D398EBC126B07292002A9EBE /* Main.storyboard in Resources */ = {isa = PBXBuildFile; fileRef = D398EBBF26B07292002A9EBE /* Main.storyboard */; };
		D398EBC326B07298002A9EBE /* Assets.xcassets in Resources */ = {isa = PBXBuildFile; fileRef = D398EBC226B07298002A9EBE /* Assets.xcassets */; };
		D398EBC626B07298002A9EBE /* LaunchScreen.storyboard in Resources */ = {isa = PBXBuildFile; fileRef = D398EBC426B07298002A9EBE /* LaunchScreen.storyboard */; };
		D398EBD126B07298002A9EBE /* FeaturedPageTests.swift in Sources */ = {isa = PBXBuildFile; fileRef = D398EBD026B07298002A9EBE /* FeaturedPageTests.swift */; };
		D398EBDC26B07298002A9EBE /* FeaturedPageUITests.swift in Sources */ = {isa = PBXBuildFile; fileRef = D398EBDB26B07298002A9EBE /* FeaturedPageUITests.swift */; };
		D3BDF65026C0C12300819E7B /* AccountViewController.swift in Sources */ = {isa = PBXBuildFile; fileRef = D3BDF64F26C0C12300819E7B /* AccountViewController.swift */; };
		D3BDF65226C0C1CE00819E7B /* NewViewController.swift in Sources */ = {isa = PBXBuildFile; fileRef = D3BDF65126C0C1CE00819E7B /* NewViewController.swift */; };
		D3EBDB3026C0BB9D00772BB6 /* SearchViewController.swift in Sources */ = {isa = PBXBuildFile; fileRef = D3EBDB2F26C0BB9D00772BB6 /* SearchViewController.swift */; };
/* End PBXBuildFile section */

/* Begin PBXContainerItemProxy section */
		D398EBCD26B07298002A9EBE /* PBXContainerItemProxy */ = {
			isa = PBXContainerItemProxy;
			containerPortal = D398EBAE26B07292002A9EBE /* Project object */;
			proxyType = 1;
			remoteGlobalIDString = D398EBB526B07292002A9EBE;
			remoteInfo = FeaturedPage;
		};
		D398EBD826B07298002A9EBE /* PBXContainerItemProxy */ = {
			isa = PBXContainerItemProxy;
			containerPortal = D398EBAE26B07292002A9EBE /* Project object */;
			proxyType = 1;
			remoteGlobalIDString = D398EBB526B07292002A9EBE;
			remoteInfo = FeaturedPage;
		};
/* End PBXContainerItemProxy section */

/* Begin PBXFileReference section */
		D329A6F326BC4B30004FBAF3 /* DetailViewController.swift */ = {isa = PBXFileReference; lastKnownFileType = sourcecode.swift; path = DetailViewController.swift; sourceTree = "<group>"; };
		D398EBB626B07292002A9EBE /* FeaturedPage.app */ = {isa = PBXFileReference; explicitFileType = wrapper.application; includeInIndex = 0; path = FeaturedPage.app; sourceTree = BUILT_PRODUCTS_DIR; };
		D398EBB926B07292002A9EBE /* AppDelegate.swift */ = {isa = PBXFileReference; lastKnownFileType = sourcecode.swift; path = AppDelegate.swift; sourceTree = "<group>"; };
		D398EBBB26B07292002A9EBE /* SceneDelegate.swift */ = {isa = PBXFileReference; lastKnownFileType = sourcecode.swift; path = SceneDelegate.swift; sourceTree = "<group>"; };
		D398EBBD26B07292002A9EBE /* ViewController.swift */ = {isa = PBXFileReference; lastKnownFileType = sourcecode.swift; path = ViewController.swift; sourceTree = "<group>"; };
		D398EBC026B07292002A9EBE /* Base */ = {isa = PBXFileReference; lastKnownFileType = file.storyboard; name = Base; path = Base.lproj/Main.storyboard; sourceTree = "<group>"; };
		D398EBC226B07298002A9EBE /* Assets.xcassets */ = {isa = PBXFileReference; lastKnownFileType = folder.assetcatalog; path = Assets.xcassets; sourceTree = "<group>"; };
		D398EBC526B07298002A9EBE /* Base */ = {isa = PBXFileReference; lastKnownFileType = file.storyboard; name = Base; path = Base.lproj/LaunchScreen.storyboard; sourceTree = "<group>"; };
		D398EBC726B07298002A9EBE /* Info.plist */ = {isa = PBXFileReference; lastKnownFileType = text.plist.xml; path = Info.plist; sourceTree = "<group>"; };
		D398EBCC26B07298002A9EBE /* FeaturedPageTests.xctest */ = {isa = PBXFileReference; explicitFileType = wrapper.cfbundle; includeInIndex = 0; path = FeaturedPageTests.xctest; sourceTree = BUILT_PRODUCTS_DIR; };
		D398EBD026B07298002A9EBE /* FeaturedPageTests.swift */ = {isa = PBXFileReference; lastKnownFileType = sourcecode.swift; path = FeaturedPageTests.swift; sourceTree = "<group>"; };
		D398EBD226B07298002A9EBE /* Info.plist */ = {isa = PBXFileReference; lastKnownFileType = text.plist.xml; path = Info.plist; sourceTree = "<group>"; };
		D398EBD726B07298002A9EBE /* FeaturedPageUITests.xctest */ = {isa = PBXFileReference; explicitFileType = wrapper.cfbundle; includeInIndex = 0; path = FeaturedPageUITests.xctest; sourceTree = BUILT_PRODUCTS_DIR; };
		D398EBDB26B07298002A9EBE /* FeaturedPageUITests.swift */ = {isa = PBXFileReference; lastKnownFileType = sourcecode.swift; path = FeaturedPageUITests.swift; sourceTree = "<group>"; };
		D398EBDD26B07298002A9EBE /* Info.plist */ = {isa = PBXFileReference; lastKnownFileType = text.plist.xml; path = Info.plist; sourceTree = "<group>"; };
		D3BDF64F26C0C12300819E7B /* AccountViewController.swift */ = {isa = PBXFileReference; lastKnownFileType = sourcecode.swift; path = AccountViewController.swift; sourceTree = "<group>"; };
		D3BDF65126C0C1CE00819E7B /* NewViewController.swift */ = {isa = PBXFileReference; lastKnownFileType = sourcecode.swift; path = NewViewController.swift; sourceTree = "<group>"; };
		D3EBDB2F26C0BB9D00772BB6 /* SearchViewController.swift */ = {isa = PBXFileReference; lastKnownFileType = sourcecode.swift; path = SearchViewController.swift; sourceTree = "<group>"; };
/* End PBXFileReference section */

/* Begin PBXFrameworksBuildPhase section */
		D398EBB326B07292002A9EBE /* Frameworks */ = {
			isa = PBXFrameworksBuildPhase;
			buildActionMask = 2147483647;
			files = (
			);
			runOnlyForDeploymentPostprocessing = 0;
		};
		D398EBC926B07298002A9EBE /* Frameworks */ = {
			isa = PBXFrameworksBuildPhase;
			buildActionMask = 2147483647;
			files = (
			);
			runOnlyForDeploymentPostprocessing = 0;
		};
		D398EBD426B07298002A9EBE /* Frameworks */ = {
			isa = PBXFrameworksBuildPhase;
			buildActionMask = 2147483647;
			files = (
			);
			runOnlyForDeploymentPostprocessing = 0;
		};
/* End PBXFrameworksBuildPhase section */

/* Begin PBXGroup section */
		D398EBAD26B07291002A9EBE = {
			isa = PBXGroup;
			children = (
				D3BDF65126C0C1CE00819E7B /* NewViewController.swift */,
				D3BDF64F26C0C12300819E7B /* AccountViewController.swift */,
				D3EBDB2F26C0BB9D00772BB6 /* SearchViewController.swift */,
				D398EBB826B07292002A9EBE /* FeaturedPage */,
				D398EBCF26B07298002A9EBE /* FeaturedPageTests */,
				D398EBDA26B07298002A9EBE /* FeaturedPageUITests */,
				D398EBB726B07292002A9EBE /* Products */,
			);
			sourceTree = "<group>";
		};
		D398EBB726B07292002A9EBE /* Products */ = {
			isa = PBXGroup;
			children = (
				D398EBB626B07292002A9EBE /* FeaturedPage.app */,
				D398EBCC26B07298002A9EBE /* FeaturedPageTests.xctest */,
				D398EBD726B07298002A9EBE /* FeaturedPageUITests.xctest */,
			);
			name = Products;
			sourceTree = "<group>";
		};
		D398EBB826B07292002A9EBE /* FeaturedPage */ = {
			isa = PBXGroup;
			children = (
				D398EBB926B07292002A9EBE /* AppDelegate.swift */,
				D398EBBB26B07292002A9EBE /* SceneDelegate.swift */,
				D398EBBD26B07292002A9EBE /* ViewController.swift */,
				D398EBBF26B07292002A9EBE /* Main.storyboard */,
				D329A6F326BC4B30004FBAF3 /* DetailViewController.swift */,
				D398EBC226B07298002A9EBE /* Assets.xcassets */,
				D398EBC426B07298002A9EBE /* LaunchScreen.storyboard */,
				D398EBC726B07298002A9EBE /* Info.plist */,
			);
			path = FeaturedPage;
			sourceTree = "<group>";
		};
		D398EBCF26B07298002A9EBE /* FeaturedPageTests */ = {
			isa = PBXGroup;
			children = (
				D398EBD026B07298002A9EBE /* FeaturedPageTests.swift */,
				D398EBD226B07298002A9EBE /* Info.plist */,
			);
			path = FeaturedPageTests;
			sourceTree = "<group>";
		};
		D398EBDA26B07298002A9EBE /* FeaturedPageUITests */ = {
			isa = PBXGroup;
			children = (
				D398EBDB26B07298002A9EBE /* FeaturedPageUITests.swift */,
				D398EBDD26B07298002A9EBE /* Info.plist */,
			);
			path = FeaturedPageUITests;
			sourceTree = "<group>";
		};
/* End PBXGroup section */

/* Begin PBXNativeTarget section */
		D398EBB526B07292002A9EBE /* FeaturedPage */ = {
			isa = PBXNativeTarget;
			buildConfigurationList = D398EBE026B07298002A9EBE /* Build configuration list for PBXNativeTarget "FeaturedPage" */;
			buildPhases = (
				D398EBB226B07292002A9EBE /* Sources */,
				D398EBB326B07292002A9EBE /* Frameworks */,
				D398EBB426B07292002A9EBE /* Resources */,
			);
			buildRules = (
			);
			dependencies = (
			);
			name = FeaturedPage;
			productName = FeaturedPage;
			productReference = D398EBB626B07292002A9EBE /* FeaturedPage.app */;
			productType = "com.apple.product-type.application";
		};
		D398EBCB26B07298002A9EBE /* FeaturedPageTests */ = {
			isa = PBXNativeTarget;
			buildConfigurationList = D398EBE326B07298002A9EBE /* Build configuration list for PBXNativeTarget "FeaturedPageTests" */;
			buildPhases = (
				D398EBC826B07298002A9EBE /* Sources */,
				D398EBC926B07298002A9EBE /* Frameworks */,
				D398EBCA26B07298002A9EBE /* Resources */,
			);
			buildRules = (
			);
			dependencies = (
				D398EBCE26B07298002A9EBE /* PBXTargetDependency */,
			);
			name = FeaturedPageTests;
			productName = FeaturedPageTests;
			productReference = D398EBCC26B07298002A9EBE /* FeaturedPageTests.xctest */;
			productType = "com.apple.product-type.bundle.unit-test";
		};
		D398EBD626B07298002A9EBE /* FeaturedPageUITests */ = {
			isa = PBXNativeTarget;
			buildConfigurationList = D398EBE626B07298002A9EBE /* Build configuration list for PBXNativeTarget "FeaturedPageUITests" */;
			buildPhases = (
				D398EBD326B07298002A9EBE /* Sources */,
				D398EBD426B07298002A9EBE /* Frameworks */,
				D398EBD526B07298002A9EBE /* Resources */,
			);
			buildRules = (
			);
			dependencies = (
				D398EBD926B07298002A9EBE /* PBXTargetDependency */,
			);
			name = FeaturedPageUITests;
			productName = FeaturedPageUITests;
			productReference = D398EBD726B07298002A9EBE /* FeaturedPageUITests.xctest */;
			productType = "com.apple.product-type.bundle.ui-testing";
		};
/* End PBXNativeTarget section */

/* Begin PBXProject section */
		D398EBAE26B07292002A9EBE /* Project object */ = {
			isa = PBXProject;
			attributes = {
				LastSwiftUpdateCheck = 1250;
				LastUpgradeCheck = 1250;
				TargetAttributes = {
					D398EBB526B07292002A9EBE = {
						CreatedOnToolsVersion = 12.5.1;
					};
					D398EBCB26B07298002A9EBE = {
						CreatedOnToolsVersion = 12.5.1;
						TestTargetID = D398EBB526B07292002A9EBE;
					};
					D398EBD626B07298002A9EBE = {
						CreatedOnToolsVersion = 12.5.1;
						TestTargetID = D398EBB526B07292002A9EBE;
					};
				};
			};
			buildConfigurationList = D398EBB126B07292002A9EBE /* Build configuration list for PBXProject "FeaturedPage" */;
			compatibilityVersion = "Xcode 9.3";
			developmentRegion = en;
			hasScannedForEncodings = 0;
			knownRegions = (
				en,
				Base,
			);
			mainGroup = D398EBAD26B07291002A9EBE;
			productRefGroup = D398EBB726B07292002A9EBE /* Products */;
			projectDirPath = "";
			projectRoot = "";
			targets = (
				D398EBB526B07292002A9EBE /* FeaturedPage */,
				D398EBCB26B07298002A9EBE /* FeaturedPageTests */,
				D398EBD626B07298002A9EBE /* FeaturedPageUITests */,
			);
		};
/* End PBXProject section */

/* Begin PBXResourcesBuildPhase section */
		D398EBB426B07292002A9EBE /* Resources */ = {
			isa = PBXResourcesBuildPhase;
			buildActionMask = 2147483647;
			files = (
				D398EBC626B07298002A9EBE /* LaunchScreen.storyboard in Resources */,
				D398EBC326B07298002A9EBE /* Assets.xcassets in Resources */,
				D398EBC126B07292002A9EBE /* Main.storyboard in Resources */,
			);
			runOnlyForDeploymentPostprocessing = 0;
		};
		D398EBCA26B07298002A9EBE /* Resources */ = {
			isa = PBXResourcesBuildPhase;
			buildActionMask = 2147483647;
			files = (
			);
			runOnlyForDeploymentPostprocessing = 0;
		};
		D398EBD526B07298002A9EBE /* Resources */ = {
			isa = PBXResourcesBuildPhase;
			buildActionMask = 2147483647;
			files = (
			);
			runOnlyForDeploymentPostprocessing = 0;
		};
/* End PBXResourcesBuildPhase section */

/* Begin PBXSourcesBuildPhase section */
		D398EBB226B07292002A9EBE /* Sources */ = {
			isa = PBXSourcesBuildPhase;
			buildActionMask = 2147483647;
			files = (
				D3EBDB3026C0BB9D00772BB6 /* SearchViewController.swift in Sources */,
				D398EBBE26B07292002A9EBE /* ViewController.swift in Sources */,
				D3BDF65226C0C1CE00819E7B /* NewViewController.swift in Sources */,
				D3BDF65026C0C12300819E7B /* AccountViewController.swift in Sources */,
				D398EBBA26B07292002A9EBE /* AppDelegate.swift in Sources */,
				D398EBBC26B07292002A9EBE /* SceneDelegate.swift in Sources */,
				D329A6F426BC4B30004FBAF3 /* DetailViewController.swift in Sources */,
			);
			runOnlyForDeploymentPostprocessing = 0;
		};
		D398EBC826B07298002A9EBE /* Sources */ = {
			isa = PBXSourcesBuildPhase;
			buildActionMask = 2147483647;
			files = (
				D398EBD126B07298002A9EBE /* FeaturedPageTests.swift in Sources */,
			);
			runOnlyForDeploymentPostprocessing = 0;
		};
		D398EBD326B07298002A9EBE /* Sources */ = {
			isa = PBXSourcesBuildPhase;
			buildActionMask = 2147483647;
			files = (
				D398EBDC26B07298002A9EBE /* FeaturedPageUITests.swift in Sources */,
			);
			runOnlyForDeploymentPostprocessing = 0;
		};
/* End PBXSourcesBuildPhase section */

/* Begin PBXTargetDependency section */
		D398EBCE26B07298002A9EBE /* PBXTargetDependency */ = {
			isa = PBXTargetDependency;
			target = D398EBB526B07292002A9EBE /* FeaturedPage */;
			targetProxy = D398EBCD26B07298002A9EBE /* PBXContainerItemProxy */;
		};
		D398EBD926B07298002A9EBE /* PBXTargetDependency */ = {
			isa = PBXTargetDependency;
			target = D398EBB526B07292002A9EBE /* FeaturedPage */;
			targetProxy = D398EBD826B07298002A9EBE /* PBXContainerItemProxy */;
		};
/* End PBXTargetDependency section */

/* Begin PBXVariantGroup section */
		D398EBBF26B07292002A9EBE /* Main.storyboard */ = {
			isa = PBXVariantGroup;
			children = (
				D398EBC026B07292002A9EBE /* Base */,
			);
			name = Main.storyboard;
			sourceTree = "<group>";
		};
		D398EBC426B07298002A9EBE /* LaunchScreen.storyboard */ = {
			isa = PBXVariantGroup;
			children = (
				D398EBC526B07298002A9EBE /* Base */,
			);
			name = LaunchScreen.storyboard;
			sourceTree = "<group>";
		};
/* End PBXVariantGroup section */

/* Begin XCBuildConfiguration section */
		D398EBDE26B07298002A9EBE /* Debug */ = {
			isa = XCBuildConfiguration;
			buildSettings = {
				ALWAYS_SEARCH_USER_PATHS = NO;
				CLANG_ANALYZER_NONNULL = YES;
				CLANG_ANALYZER_NUMBER_OBJECT_CONVERSION = YES_AGGRESSIVE;
				CLANG_CXX_LANGUAGE_STANDARD = "gnu++14";
				CLANG_CXX_LIBRARY = "libc++";
				CLANG_ENABLE_MODULES = YES;
				CLANG_ENABLE_OBJC_ARC = YES;
				CLANG_ENABLE_OBJC_WEAK = YES;
				CLANG_WARN_BLOCK_CAPTURE_AUTORELEASING = YES;
				CLANG_WARN_BOOL_CONVERSION = YES;
				CLANG_WARN_COMMA = YES;
				CLANG_WARN_CONSTANT_CONVERSION = YES;
				CLANG_WARN_DEPRECATED_OBJC_IMPLEMENTATIONS = YES;
				CLANG_WARN_DIRECT_OBJC_ISA_USAGE = YES_ERROR;
				CLANG_WARN_DOCUMENTATION_COMMENTS = YES;
				CLANG_WARN_EMPTY_BODY = YES;
				CLANG_WARN_ENUM_CONVERSION = YES;
				CLANG_WARN_INFINITE_RECURSION = YES;
				CLANG_WARN_INT_CONVERSION = YES;
				CLANG_WARN_NON_LITERAL_NULL_CONVERSION = YES;
				CLANG_WARN_OBJC_IMPLICIT_RETAIN_SELF = YES;
				CLANG_WARN_OBJC_LITERAL_CONVERSION = YES;
				CLANG_WARN_OBJC_ROOT_CLASS = YES_ERROR;
				CLANG_WARN_QUOTED_INCLUDE_IN_FRAMEWORK_HEADER = YES;
				CLANG_WARN_RANGE_LOOP_ANALYSIS = YES;
				CLANG_WARN_STRICT_PROTOTYPES = YES;
				CLANG_WARN_SUSPICIOUS_MOVE = YES;
				CLANG_WARN_UNGUARDED_AVAILABILITY = YES_AGGRESSIVE;
				CLANG_WARN_UNREACHABLE_CODE = YES;
				CLANG_WARN__DUPLICATE_METHOD_MATCH = YES;
				COPY_PHASE_STRIP = NO;
				DEBUG_INFORMATION_FORMAT = dwarf;
				ENABLE_STRICT_OBJC_MSGSEND = YES;
				ENABLE_TESTABILITY = YES;
				GCC_C_LANGUAGE_STANDARD = gnu11;
				GCC_DYNAMIC_NO_PIC = NO;
				GCC_NO_COMMON_BLOCKS = YES;
				GCC_OPTIMIZATION_LEVEL = 0;
				GCC_PREPROCESSOR_DEFINITIONS = (
					"DEBUG=1",
					"$(inherited)",
				);
				GCC_WARN_64_TO_32_BIT_CONVERSION = YES;
				GCC_WARN_ABOUT_RETURN_TYPE = YES_ERROR;
				GCC_WARN_UNDECLARED_SELECTOR = YES;
				GCC_WARN_UNINITIALIZED_AUTOS = YES_AGGRESSIVE;
				GCC_WARN_UNUSED_FUNCTION = YES;
				GCC_WARN_UNUSED_VARIABLE = YES;
				IPHONEOS_DEPLOYMENT_TARGET = 14.5;
				MTL_ENABLE_DEBUG_INFO = INCLUDE_SOURCE;
				MTL_FAST_MATH = YES;
				ONLY_ACTIVE_ARCH = YES;
				SDKROOT = iphoneos;
				SWIFT_ACTIVE_COMPILATION_CONDITIONS = DEBUG;
				SWIFT_OPTIMIZATION_LEVEL = "-Onone";
			};
			name = Debug;
		};
		D398EBDF26B07298002A9EBE /* Release */ = {
			isa = XCBuildConfiguration;
			buildSettings = {
				ALWAYS_SEARCH_USER_PATHS = NO;
				CLANG_ANALYZER_NONNULL = YES;
				CLANG_ANALYZER_NUMBER_OBJECT_CONVERSION = YES_AGGRESSIVE;
				CLANG_CXX_LANGUAGE_STANDARD = "gnu++14";
				CLANG_CXX_LIBRARY = "libc++";
				CLANG_ENABLE_MODULES = YES;
				CLANG_ENABLE_OBJC_ARC = YES;
				CLANG_ENABLE_OBJC_WEAK = YES;
				CLANG_WARN_BLOCK_CAPTURE_AUTORELEASING = YES;
				CLANG_WARN_BOOL_CONVERSION = YES;
				CLANG_WARN_COMMA = YES;
				CLANG_WARN_CONSTANT_CONVERSION = YES;
				CLANG_WARN_DEPRECATED_OBJC_IMPLEMENTATIONS = YES;
				CLANG_WARN_DIRECT_OBJC_ISA_USAGE = YES_ERROR;
				CLANG_WARN_DOCUMENTATION_COMMENTS = YES;
				CLANG_WARN_EMPTY_BODY = YES;
				CLANG_WARN_ENUM_CONVERSION = YES;
				CLANG_WARN_INFINITE_RECURSION = YES;
				CLANG_WARN_INT_CONVERSION = YES;
				CLANG_WARN_NON_LITERAL_NULL_CONVERSION = YES;
				CLANG_WARN_OBJC_IMPLICIT_RETAIN_SELF = YES;
				CLANG_WARN_OBJC_LITERAL_CONVERSION = YES;
				CLANG_WARN_OBJC_ROOT_CLASS = YES_ERROR;
				CLANG_WARN_QUOTED_INCLUDE_IN_FRAMEWORK_HEADER = YES;
				CLANG_WARN_RANGE_LOOP_ANALYSIS = YES;
				CLANG_WARN_STRICT_PROTOTYPES = YES;
				CLANG_WARN_SUSPICIOUS_MOVE = YES;
				CLANG_WARN_UNGUARDED_AVAILABILITY = YES_AGGRESSIVE;
				CLANG_WARN_UNREACHABLE_CODE = YES;
				CLANG_WARN__DUPLICATE_METHOD_MATCH = YES;
				COPY_PHASE_STRIP = NO;
				DEBUG_INFORMATION_FORMAT = "dwarf-with-dsym";
				ENABLE_NS_ASSERTIONS = NO;
				ENABLE_STRICT_OBJC_MSGSEND = YES;
				GCC_C_LANGUAGE_STANDARD = gnu11;
				GCC_NO_COMMON_BLOCKS = YES;
				GCC_WARN_64_TO_32_BIT_CONVERSION = YES;
				GCC_WARN_ABOUT_RETURN_TYPE = YES_ERROR;
				GCC_WARN_UNDECLARED_SELECTOR = YES;
				GCC_WARN_UNINITIALIZED_AUTOS = YES_AGGRESSIVE;
				GCC_WARN_UNUSED_FUNCTION = YES;
				GCC_WARN_UNUSED_VARIABLE = YES;
				IPHONEOS_DEPLOYMENT_TARGET = 14.5;
				MTL_ENABLE_DEBUG_INFO = NO;
				MTL_FAST_MATH = YES;
				SDKROOT = iphoneos;
				SWIFT_COMPILATION_MODE = wholemodule;
				SWIFT_OPTIMIZATION_LEVEL = "-O";
				VALIDATE_PRODUCT = YES;
			};
			name = Release;
		};
		D398EBE126B07298002A9EBE /* Debug */ = {
			isa = XCBuildConfiguration;
			buildSettings = {
				ASSETCATALOG_COMPILER_APPICON_NAME = AppIcon;
				ASSETCATALOG_COMPILER_GLOBAL_ACCENT_COLOR_NAME = AccentColor;
				CODE_SIGN_STYLE = Automatic;
				DEVELOPMENT_TEAM = 8Z8DP7ZNP4;
				INFOPLIST_FILE = FeaturedPage/Info.plist;
				LD_RUNPATH_SEARCH_PATHS = (
					"$(inherited)",
					"@executable_path/Frameworks",
				);
				PRODUCT_BUNDLE_IDENTIFIER = com.idonthaveanorganizationlol.FeaturedPage;
				PRODUCT_NAME = "$(TARGET_NAME)";
				SWIFT_VERSION = 5.0;
				TARGETED_DEVICE_FAMILY = "1,2";
			};
			name = Debug;
		};
		D398EBE226B07298002A9EBE /* Release */ = {
			isa = XCBuildConfiguration;
			buildSettings = {
				ASSETCATALOG_COMPILER_APPICON_NAME = AppIcon;
				ASSETCATALOG_COMPILER_GLOBAL_ACCENT_COLOR_NAME = AccentColor;
				CODE_SIGN_STYLE = Automatic;
				DEVELOPMENT_TEAM = 8Z8DP7ZNP4;
				INFOPLIST_FILE = FeaturedPage/Info.plist;
				LD_RUNPATH_SEARCH_PATHS = (
					"$(inherited)",
					"@executable_path/Frameworks",
				);
				PRODUCT_BUNDLE_IDENTIFIER = com.idonthaveanorganizationlol.FeaturedPage;
				PRODUCT_NAME = "$(TARGET_NAME)";
				SWIFT_VERSION = 5.0;
				TARGETED_DEVICE_FAMILY = "1,2";
			};
			name = Release;
		};
		D398EBE426B07298002A9EBE /* Debug */ = {
			isa = XCBuildConfiguration;
			buildSettings = {
				ALWAYS_EMBED_SWIFT_STANDARD_LIBRARIES = YES;
				BUNDLE_LOADER = "$(TEST_HOST)";
				CODE_SIGN_STYLE = Automatic;
				DEVELOPMENT_TEAM = 8Z8DP7ZNP4;
				INFOPLIST_FILE = FeaturedPageTests/Info.plist;
				IPHONEOS_DEPLOYMENT_TARGET = 14.5;
				LD_RUNPATH_SEARCH_PATHS = (
					"$(inherited)",
					"@executable_path/Frameworks",
					"@loader_path/Frameworks",
				);
				PRODUCT_BUNDLE_IDENTIFIER = com.idonthaveanorganizationlol.FeaturedPageTests;
				PRODUCT_NAME = "$(TARGET_NAME)";
				SWIFT_VERSION = 5.0;
				TARGETED_DEVICE_FAMILY = "1,2";
				TEST_HOST = "$(BUILT_PRODUCTS_DIR)/FeaturedPage.app/FeaturedPage";
			};
			name = Debug;
		};
		D398EBE526B07298002A9EBE /* Release */ = {
			isa = XCBuildConfiguration;
			buildSettings = {
				ALWAYS_EMBED_SWIFT_STANDARD_LIBRARIES = YES;
				BUNDLE_LOADER = "$(TEST_HOST)";
				CODE_SIGN_STYLE = Automatic;
				DEVELOPMENT_TEAM = 8Z8DP7ZNP4;
				INFOPLIST_FILE = FeaturedPageTests/Info.plist;
				IPHONEOS_DEPLOYMENT_TARGET = 14.5;
				LD_RUNPATH_SEARCH_PATHS = (
					"$(inherited)",
					"@executable_path/Frameworks",
					"@loader_path/Frameworks",
				);
				PRODUCT_BUNDLE_IDENTIFIER = com.idonthaveanorganizationlol.FeaturedPageTests;
				PRODUCT_NAME = "$(TARGET_NAME)";
				SWIFT_VERSION = 5.0;
				TARGETED_DEVICE_FAMILY = "1,2";
				TEST_HOST = "$(BUILT_PRODUCTS_DIR)/FeaturedPage.app/FeaturedPage";
			};
			name = Release;
		};
		D398EBE726B07298002A9EBE /* Debug */ = {
			isa = XCBuildConfiguration;
			buildSettings = {
				ALWAYS_EMBED_SWIFT_STANDARD_LIBRARIES = YES;
				CODE_SIGN_STYLE = Automatic;
				DEVELOPMENT_TEAM = 8Z8DP7ZNP4;
				INFOPLIST_FILE = FeaturedPageUITests/Info.plist;
				LD_RUNPATH_SEARCH_PATHS = (
					"$(inherited)",
					"@executable_path/Frameworks",
					"@loader_path/Frameworks",
				);
				PRODUCT_BUNDLE_IDENTIFIER = com.idonthaveanorganizationlol.FeaturedPageUITests;
				PRODUCT_NAME = "$(TARGET_NAME)";
				SWIFT_VERSION = 5.0;
				TARGETED_DEVICE_FAMILY = "1,2";
				TEST_TARGET_NAME = FeaturedPage;
			};
			name = Debug;
		};
		D398EBE826B07298002A9EBE /* Release */ = {
			isa = XCBuildConfiguration;
			buildSettings = {
				ALWAYS_EMBED_SWIFT_STANDARD_LIBRARIES = YES;
				CODE_SIGN_STYLE = Automatic;
				DEVELOPMENT_TEAM = 8Z8DP7ZNP4;
				INFOPLIST_FILE = FeaturedPageUITests/Info.plist;
				LD_RUNPATH_SEARCH_PATHS = (
					"$(inherited)",
					"@executable_path/Frameworks",
					"@loader_path/Frameworks",
				);
				PRODUCT_BUNDLE_IDENTIFIER = com.idonthaveanorganizationlol.FeaturedPageUITests;
				PRODUCT_NAME = "$(TARGET_NAME)";
				SWIFT_VERSION = 5.0;
				TARGETED_DEVICE_FAMILY = "1,2";
				TEST_TARGET_NAME = FeaturedPage;
			};
			name = Release;
		};
/* End XCBuildConfiguration section */

/* Begin XCConfigurationList section */
		D398EBB126B07292002A9EBE /* Build configuration list for PBXProject "FeaturedPage" */ = {
			isa = XCConfigurationList;
			buildConfigurations = (
				D398EBDE26B07298002A9EBE /* Debug */,
				D398EBDF26B07298002A9EBE /* Release */,
			);
			defaultConfigurationIsVisible = 0;
			defaultConfigurationName = Release;
		};
		D398EBE026B07298002A9EBE /* Build configuration list for PBXNativeTarget "FeaturedPage" */ = {
			isa = XCConfigurationList;
			buildConfigurations = (
				D398EBE126B07298002A9EBE /* Debug */,
				D398EBE226B07298002A9EBE /* Release */,
			);
			defaultConfigurationIsVisible = 0;
			defaultConfigurationName = Release;
		};
		D398EBE326B07298002A9EBE /* Build configuration list for PBXNativeTarget "FeaturedPageTests" */ = {
			isa = XCConfigurationList;
			buildConfigurations = (
				D398EBE426B07298002A9EBE /* Debug */,
				D398EBE526B07298002A9EBE /* Release */,
			);
			defaultConfigurationIsVisible = 0;
			defaultConfigurationName = Release;
		};
		D398EBE626B07298002A9EBE /* Build configuration list for PBXNativeTarget "FeaturedPageUITests" */ = {
			isa = XCConfigurationList;
			buildConfigurations = (
				D398EBE726B07298002A9EBE /* Debug */,
				D398EBE826B07298002A9EBE /* Release */,
			);
			defaultConfigurationIsVisible = 0;
			defaultConfigurationName = Release;
		};
/* End XCConfigurationList section */
	};
	rootObject = D398EBAE26B07292002A9EBE /* Project object */;
}
